<?xml version="1.0" encoding="utf-8"?>
<Project ToolsVersion="4.0" xmlns="http://schemas.microsoft.com/developer/msbuild/2003">
  <ItemGroup>
    <Filter Include="소스 파일">
      <UniqueIdentifier>{4FC737F1-C7A5-4376-A066-2A32D752A2FF}</UniqueIdentifier>
      <Extensions>cpp;c;cc;cxx;def;odl;idl;hpj;bat;asm;asmx</Extensions>
    </Filter>
    <Filter Include="헤더 파일">
      <UniqueIdentifier>{93995380-89BD-4b04-88EB-625FBE52EBFB}</UniqueIdentifier>
      <Extensions>h;hh;hpp;hxx;hm;inl;inc;ipp;xsd</Extensions>
    </Filter>
    <Filter Include="리소스 파일">
      <UniqueIdentifier>{67DA6AB6-F800-4c08-8B7A-83BB121AAD01}</UniqueIdentifier>
      <Extensions>rc;ico;cur;bmp;dlg;rc2;rct;bin;rgs;gif;jpg;jpeg;jpe;resx;tiff;tif;png;wav;mfcribbon-ms</Extensions>
    </Filter>
  </ItemGroup>
  <ItemGroup>
    <ClCompile Include="+ -.cpp">
      <Filter>소스 파일</Filter>
    </ClCompile>
    <ClCompile Include="총점.cpp">
      <Filter>소스 파일</Filter>
    </ClCompile>
    <ClCompile Include="학번학점.cpp">
      <Filter>소스 파일</Filter>
    </ClCompile>
    <ClCompile Include="sizeof.cpp">
      <Filter>소스 파일</Filter>
    </ClCompile>
    <ClCompile Include="문자형 자료형.cpp">
      <Filter>소스 파일</Filter>
    </ClCompile>
    <ClCompile Include="소스.cpp">
      <Filter>소스 파일</Filter>
    </ClCompile>
    <ClCompile Include="소스1.cpp">
      <Filter>소스 파일</Filter>
    </ClCompile>
    <ClCompile Include="31.cpp">
      <Filter>소스 파일</Filter>
    </ClCompile>
    <ClCompile Include="5.cpp">
      <Filter>소스 파일</Filter>
    </ClCompile>
    <ClCompile Include="3r.cpp">
      <Filter>소스 파일</Filter>
    </ClCompile>
    <ClCompile Include="논리연산자.cpp">
      <Filter>소스 파일</Filter>
    </ClCompile>
    <ClCompile Include="234.cpp">
      <Filter>소스 파일</Filter>
    </ClCompile>
    <ClCompile Include="형변환연산자.cpp">
      <Filter>소스 파일</Filter>
    </ClCompile>
    <ClCompile Include="if문.cpp">
      <Filter>소스 파일</Filter>
    </ClCompile>
    <ClCompile Include="if else.cpp">
      <Filter>소스 파일</Filter>
    </ClCompile>
    <ClCompile Include="연산1.cpp">
      <Filter>소스 파일</Filter>
    </ClCompile>
    <ClCompile Include="세정수의 최댓값.cpp">
      <Filter>소스 파일</Filter>
    </ClCompile>
    <ClCompile Include="break switch.cpp">
      <Filter>소스 파일</Filter>
    </ClCompile>
    <ClCompile Include="while 반복.cpp">
      <Filter>소스 파일</Filter>
    </ClCompile>
    <ClCompile Include="6장 1번.cpp">
      <Filter>소스 파일</Filter>
    </ClCompile>
    <ClCompile Include="6장 2번.cpp">
      <Filter>소스 파일</Filter>
    </ClCompile>
    <ClCompile Include="센티널값.cpp">
      <Filter>소스 파일</Filter>
    </ClCompile>
    <ClCompile Include="5장1번.cpp">
      <Filter>소스 파일</Filter>
    </ClCompile>
    <ClCompile Include="5장 2번.cpp">
      <Filter>소스 파일</Filter>
    </ClCompile>
    <ClCompile Include="반복의 중단 break.cpp">
      <Filter>소스 파일</Filter>
    </ClCompile>
    <ClCompile Include="중첩된 do for.cpp">
      <Filter>소스 파일</Filter>
    </ClCompile>
    <ClCompile Include="ㅇㅅㅇ.cpp">
      <Filter>소스 파일</Filter>
    </ClCompile>
    <ClCompile Include="포인트 선언과 대입.cpp">
      <Filter>소스 파일</Filter>
    </ClCompile>
    <ClCompile Include="간접연산자.cpp">
      <Filter>소스 파일</Filter>
    </ClCompile>
    <ClCompile Include="주소연산.cpp">
      <Filter>소스 파일</Filter>
    </ClCompile>
    <ClCompile Include="LAB포인터를 이용하여 두 수의 값을 교환하는 프로그램.cpp">
      <Filter>소스 파일</Filter>
    </ClCompile>
    <ClCompile Include="8장1.cpp">
      <Filter>소스 파일</Filter>
    </ClCompile>
    <ClCompile Include="8장2.cpp">
      <Filter>소스 파일</Filter>
    </ClCompile>
    <ClCompile Include="배열원소 일괄 출력.cpp">
      <Filter>소스 파일</Filter>
    </ClCompile>
    <ClCompile Include="배열선언 초기화.cpp">
      <Filter>소스 파일</Filter>
    </ClCompile>
    <ClCompile Include="int형 배열.cpp">
      <Filter>소스 파일</Filter>
    </ClCompile>
    <ClCompile Include="이차원 배열 원소.cpp">
      <Filter>소스 파일</Filter>
    </ClCompile>
    <ClCompile Include="주소값.cpp">
      <Filter>소스 파일</Filter>
    </ClCompile>
    <ClCompile Include="포인터배열.cpp">
      <Filter>소스 파일</Filter>
    </ClCompile>
    <ClCompile Include="findmax.cpp">
      <Filter>소스 파일</Filter>
    </ClCompile>
    <ClCompile Include="getsum.cpp">
      <Filter>소스 파일</Filter>
    </ClCompile>
    <ClCompile Include="함수 구현과 호출.cpp">
      <Filter>소스 파일</Filter>
    </ClCompile>
    <ClCompile Include="배열인자.cpp">
      <Filter>소스 파일</Filter>
    </ClCompile>
    <ClCompile Include="LAB 배열.cpp">
      <Filter>소스 파일</Filter>
    </ClCompile>
    <ClCompile Include="재귀 함수.cpp">
      <Filter>소스 파일</Filter>
    </ClCompile>
    <ClCompile Include="9장 1번.cpp">
      <Filter>소스 파일</Filter>
    </ClCompile>
    <ClCompile Include="9장 2번.cpp">
      <Filter>소스 파일</Filter>
    </ClCompile>
    <ClCompile Include="난수 출력.cpp">
      <Filter>소스 파일</Filter>
    </ClCompile>
  </ItemGroup>
</Project>